
Microsoft Visual Studio Solution File, Format Version 12.00
# Visual Studio Version 18
VisualStudioVersion = 18.0.11205.157
MinimumVisualStudioVersion = 10.0.40219.1
Project("{2150E333-8FDC-42A3-9474-1A3956D46DE8}") = "server", "server", "{DAD03CFC-D5FA-AC94-41C7-9ABAB326F09E}"
EndProject
Project("{FAE04EC0-301F-11D3-BF4B-00C04F79EFBC}") = "Api", "server\Api\Api.csproj", "{D655F20E-95E0-4CF8-8646-7E90E54C859A}"
EndProject
Project("{FAE04EC0-301F-11D3-BF4B-00C04F79EFBC}") = "Infrastructure", "server\Infrastructure\Infrastructure.csproj", "{5EC150AF-53EF-4DC6-89AD-19676D7EE197}"
EndProject
Project("{FAE04EC0-301F-11D3-BF4B-00C04F79EFBC}") = "Application", "server\Application\Application.csproj", "{FAA3F7FA-71CA-4CC8-B059-ABD641F7EC2D}"
EndProject
Project("{FAE04EC0-301F-11D3-BF4B-00C04F79EFBC}") = "Background", "server\Background\Background.csproj", "{F1F4B364-2E56-4D42-AD8D-E7BF9E609265}"
EndProject
Project("{FAE04EC0-301F-11D3-BF4B-00C04F79EFBC}") = "Domain", "server\Domain\Domain.csproj", "{D021D52A-C33C-4AD2-9643-A9D12062F79B}"
EndProject
Project("{2150E333-8FDC-42A3-9474-1A3956D46DE8}") = "solution items", "solution items", "{4EB3C6D0-86A7-4F1E-87D1-35158CA95CF4}"
	ProjectSection(SolutionItems) = preProject
		Directory.Build.props = Directory.Build.props
		Directory.Packages.props = Directory.Packages.props
	EndProjectSection
EndProject
Global
	GlobalSection(SolutionConfigurationPlatforms) = preSolution
		Debug|Any CPU = Debug|Any CPU
		Debug|x64 = Debug|x64
		Debug|x86 = Debug|x86
		Release|Any CPU = Release|Any CPU
		Release|x64 = Release|x64
		Release|x86 = Release|x86
	EndGlobalSection
	GlobalSection(ProjectConfigurationPlatforms) = postSolution
		{D655F20E-95E0-4CF8-8646-7E90E54C859A}.Debug|Any CPU.ActiveCfg = Debug|Any CPU
		{D655F20E-95E0-4CF8-8646-7E90E54C859A}.Debug|Any CPU.Build.0 = Debug|Any CPU
		{D655F20E-95E0-4CF8-8646-7E90E54C859A}.Debug|x64.ActiveCfg = Debug|Any CPU
		{D655F20E-95E0-4CF8-8646-7E90E54C859A}.Debug|x64.Build.0 = Debug|Any CPU
		{D655F20E-95E0-4CF8-8646-7E90E54C859A}.Debug|x86.ActiveCfg = Debug|Any CPU
		{D655F20E-95E0-4CF8-8646-7E90E54C859A}.Debug|x86.Build.0 = Debug|Any CPU
		{D655F20E-95E0-4CF8-8646-7E90E54C859A}.Release|Any CPU.ActiveCfg = Release|Any CPU
		{D655F20E-95E0-4CF8-8646-7E90E54C859A}.Release|Any CPU.Build.0 = Release|Any CPU
		{D655F20E-95E0-4CF8-8646-7E90E54C859A}.Release|x64.ActiveCfg = Release|Any CPU
		{D655F20E-95E0-4CF8-8646-7E90E54C859A}.Release|x64.Build.0 = Release|Any CPU
		{D655F20E-95E0-4CF8-8646-7E90E54C859A}.Release|x86.ActiveCfg = Release|Any CPU
		{D655F20E-95E0-4CF8-8646-7E90E54C859A}.Release|x86.Build.0 = Release|Any CPU
		{5EC150AF-53EF-4DC6-89AD-19676D7EE197}.Debug|Any CPU.ActiveCfg = Debug|Any CPU
		{5EC150AF-53EF-4DC6-89AD-19676D7EE197}.Debug|Any CPU.Build.0 = Debug|Any CPU
		{5EC150AF-53EF-4DC6-89AD-19676D7EE197}.Debug|x64.ActiveCfg = Debug|Any CPU
		{5EC150AF-53EF-4DC6-89AD-19676D7EE197}.Debug|x64.Build.0 = Debug|Any CPU
		{5EC150AF-53EF-4DC6-89AD-19676D7EE197}.Debug|x86.ActiveCfg = Debug|Any CPU
		{5EC150AF-53EF-4DC6-89AD-19676D7EE197}.Debug|x86.Build.0 = Debug|Any CPU
		{5EC150AF-53EF-4DC6-89AD-19676D7EE197}.Release|Any CPU.ActiveCfg = Release|Any CPU
		{5EC150AF-53EF-4DC6-89AD-19676D7EE197}.Release|Any CPU.Build.0 = Release|Any CPU
		{5EC150AF-53EF-4DC6-89AD-19676D7EE197}.Release|x64.ActiveCfg = Release|Any CPU
		{5EC150AF-53EF-4DC6-89AD-19676D7EE197}.Release|x64.Build.0 = Release|Any CPU
		{5EC150AF-53EF-4DC6-89AD-19676D7EE197}.Release|x86.ActiveCfg = Release|Any CPU
		{5EC150AF-53EF-4DC6-89AD-19676D7EE197}.Release|x86.Build.0 = Release|Any CPU
		{FAA3F7FA-71CA-4CC8-B059-ABD641F7EC2D}.Debug|Any CPU.ActiveCfg = Debug|Any CPU
		{FAA3F7FA-71CA-4CC8-B059-ABD641F7EC2D}.Debug|Any CPU.Build.0 = Debug|Any CPU
		{FAA3F7FA-71CA-4CC8-B059-ABD641F7EC2D}.Debug|x64.ActiveCfg = Debug|Any CPU
		{FAA3F7FA-71CA-4CC8-B059-ABD641F7EC2D}.Debug|x64.Build.0 = Debug|Any CPU
		{FAA3F7FA-71CA-4CC8-B059-ABD641F7EC2D}.Debug|x86.ActiveCfg = Debug|Any CPU
		{FAA3F7FA-71CA-4CC8-B059-ABD641F7EC2D}.Debug|x86.Build.0 = Debug|Any CPU
		{FAA3F7FA-71CA-4CC8-B059-ABD641F7EC2D}.Release|Any CPU.ActiveCfg = Release|Any CPU
		{FAA3F7FA-71CA-4CC8-B059-ABD641F7EC2D}.Release|Any CPU.Build.0 = Release|Any CPU
		{FAA3F7FA-71CA-4CC8-B059-ABD641F7EC2D}.Release|x64.ActiveCfg = Release|Any CPU
		{FAA3F7FA-71CA-4CC8-B059-ABD641F7EC2D}.Release|x64.Build.0 = Release|Any CPU
		{FAA3F7FA-71CA-4CC8-B059-ABD641F7EC2D}.Release|x86.ActiveCfg = Release|Any CPU
		{FAA3F7FA-71CA-4CC8-B059-ABD641F7EC2D}.Release|x86.Build.0 = Release|Any CPU
		{F1F4B364-2E56-4D42-AD8D-E7BF9E609265}.Debug|Any CPU.ActiveCfg = Debug|Any CPU
		{F1F4B364-2E56-4D42-AD8D-E7BF9E609265}.Debug|Any CPU.Build.0 = Debug|Any CPU
		{F1F4B364-2E56-4D42-AD8D-E7BF9E609265}.Debug|x64.ActiveCfg = Debug|Any CPU
		{F1F4B364-2E56-4D42-AD8D-E7BF9E609265}.Debug|x64.Build.0 = Debug|Any CPU
		{F1F4B364-2E56-4D42-AD8D-E7BF9E609265}.Debug|x86.ActiveCfg = Debug|Any CPU
		{F1F4B364-2E56-4D42-AD8D-E7BF9E609265}.Debug|x86.Build.0 = Debug|Any CPU
		{F1F4B364-2E56-4D42-AD8D-E7BF9E609265}.Release|Any CPU.ActiveCfg = Release|Any CPU
		{F1F4B364-2E56-4D42-AD8D-E7BF9E609265}.Release|Any CPU.Build.0 = Release|Any CPU
		{F1F4B364-2E56-4D42-AD8D-E7BF9E609265}.Release|x64.ActiveCfg = Release|Any CPU
		{F1F4B364-2E56-4D42-AD8D-E7BF9E609265}.Release|x64.Build.0 = Release|Any CPU
		{F1F4B364-2E56-4D42-AD8D-E7BF9E609265}.Release|x86.ActiveCfg = Release|Any CPU
		{F1F4B364-2E56-4D42-AD8D-E7BF9E609265}.Release|x86.Build.0 = Release|Any CPU
		{D021D52A-C33C-4AD2-9643-A9D12062F79B}.Debug|Any CPU.ActiveCfg = Debug|Any CPU
		{D021D52A-C33C-4AD2-9643-A9D12062F79B}.Debug|Any CPU.Build.0 = Debug|Any CPU
		{D021D52A-C33C-4AD2-9643-A9D12062F79B}.Debug|x64.ActiveCfg = Debug|Any CPU
		{D021D52A-C33C-4AD2-9643-A9D12062F79B}.Debug|x64.Build.0 = Debug|Any CPU
		{D021D52A-C33C-4AD2-9643-A9D12062F79B}.Debug|x86.ActiveCfg = Debug|Any CPU
		{D021D52A-C33C-4AD2-9643-A9D12062F79B}.Debug|x86.Build.0 = Debug|Any CPU
		{D021D52A-C33C-4AD2-9643-A9D12062F79B}.Release|Any CPU.ActiveCfg = Release|Any CPU
		{D021D52A-C33C-4AD2-9643-A9D12062F79B}.Release|Any CPU.Build.0 = Release|Any CPU
		{D021D52A-C33C-4AD2-9643-A9D12062F79B}.Release|x64.ActiveCfg = Release|Any CPU
		{D021D52A-C33C-4AD2-9643-A9D12062F79B}.Release|x64.Build.0 = Release|Any CPU
		{D021D52A-C33C-4AD2-9643-A9D12062F79B}.Release|x86.ActiveCfg = Release|Any CPU
		{D021D52A-C33C-4AD2-9643-A9D12062F79B}.Release|x86.Build.0 = Release|Any CPU
	EndGlobalSection
	GlobalSection(SolutionProperties) = preSolution
		HideSolutionNode = FALSE
	EndGlobalSection
	GlobalSection(NestedProjects) = preSolution
		{D655F20E-95E0-4CF8-8646-7E90E54C859A} = {DAD03CFC-D5FA-AC94-41C7-9ABAB326F09E}
		{5EC150AF-53EF-4DC6-89AD-19676D7EE197} = {DAD03CFC-D5FA-AC94-41C7-9ABAB326F09E}
		{FAA3F7FA-71CA-4CC8-B059-ABD641F7EC2D} = {DAD03CFC-D5FA-AC94-41C7-9ABAB326F09E}
		{F1F4B364-2E56-4D42-AD8D-E7BF9E609265} = {DAD03CFC-D5FA-AC94-41C7-9ABAB326F09E}
		{D021D52A-C33C-4AD2-9643-A9D12062F79B} = {DAD03CFC-D5FA-AC94-41C7-9ABAB326F09E}
	EndGlobalSection
	GlobalSection(ExtensibilityGlobals) = postSolution
		SolutionGuid = {9B9F5BB0-6041-4BB3-AD35-9E4438D25552}
	EndGlobalSection
EndGlobal
